
Microsoft Visual Studio Solution File, Format Version 12.00
# Visual Studio Version 16
VisualStudioVersion = 16.0.29806.167
MinimumVisualStudioVersion = 10.0.40219.1
Project("{2150E333-8FDC-42A3-9474-1A3956D46DE8}") = "Solution Items", "Solution Items", "{04D1A0F2-2299-436D-A96F-B3D328AEE44C}"
	ProjectSection(SolutionItems) = preProject
		..\.gitignore = ..\.gitignore
		..\build\build.props = ..\build\build.props
		..\docs\codeconf.pdf = ..\docs\codeconf.pdf
		..\LICENSE = ..\LICENSE
		..\build\package.props = ..\build\package.props
		..\README.md = ..\README.md
	EndProjectSection
EndProject
Project("{9A19103F-16F7-4668-BE54-9A1E7A4F7556}") = "Metrics", "Metrics\Metrics.csproj", "{DE513937-A067-4C7C-B6BD-09948C6B2219}"
EndProject
Global
	GlobalSection(SolutionConfigurationPlatforms) = preSolution
		Debug|Any CPU = Debug|Any CPU
		Package|Any CPU = Package|Any CPU
		Release|Any CPU = Release|Any CPU
	EndGlobalSection
	GlobalSection(ProjectConfigurationPlatforms) = postSolution
		{DE513937-A067-4C7C-B6BD-09948C6B2219}.Debug|Any CPU.ActiveCfg = Debug|Any CPU
		{DE513937-A067-4C7C-B6BD-09948C6B2219}.Debug|Any CPU.Build.0 = Debug|Any CPU
		{DE513937-A067-4C7C-B6BD-09948C6B2219}.Package|Any CPU.ActiveCfg = Package|Any CPU
		{DE513937-A067-4C7C-B6BD-09948C6B2219}.Package|Any CPU.Build.0 = Package|Any CPU
		{DE513937-A067-4C7C-B6BD-09948C6B2219}.Release|Any CPU.ActiveCfg = Release|Any CPU
		{DE513937-A067-4C7C-B6BD-09948C6B2219}.Release|Any CPU.Build.0 = Release|Any CPU
	EndGlobalSection
	GlobalSection(SolutionProperties) = preSolution
		HideSolutionNode = FALSE
	EndGlobalSection
	GlobalSection(ExtensibilityGlobals) = postSolution
		SolutionGuid = {614C3C28-F7CA-4701-84AD-26C7588FB395}
	EndGlobalSection
EndGlobal
